// !$*UTF8*$!
{
	archiveVersion = 1;
	classes = {
	};
	objectVersion = 56;
	objects = {

/* Begin PBXBuildFile section */
		AA000001000000000000001 /* main.swift in Sources */ = {isa = PBXBuildFile; fileRef = AA000002000000000000001 /* main.swift */; };
/* End PBXBuildFile section */

/* Begin PBXFileReference section */
		AA000002000000000000001 /* main.swift */ = {isa = PBXFileReference; lastKnownFileType = sourcecode.swift; path = main.swift; sourceTree = "<group>"; };
		AA000003000000000000001 /* credctl.app */ = {isa = PBXFileReference; explicitFileType = wrapper.application; includeInIndex = 0; path = credctl.app; sourceTree = BUILT_PRODUCTS_DIR; };
		AA000004000000000000001 /* Info.plist */ = {isa = PBXFileReference; lastKnownFileType = text.plist.xml; path = Info.plist; sourceTree = "<group>"; };
		AA000005000000000000001 /* entitlements.plist */ = {isa = PBXFileReference; lastKnownFileType = text.plist.xml; name = entitlements.plist; path = ../entitlements.plist; sourceTree = SOURCE_ROOT; };
/* End PBXFileReference section */

/* Begin PBXGroup section */
		AA000010000000000000001 = {
			isa = PBXGroup;
			children = (
				AA000011000000000000001 /* credctl */,
				AA000012000000000000001 /* Products */,
				AA000005000000000000001 /* entitlements.plist */,
			);
			sourceTree = "<group>";
		};
		AA000011000000000000001 /* credctl */ = {
			isa = PBXGroup;
			children = (
				AA000002000000000000001 /* main.swift */,
				AA000004000000000000001 /* Info.plist */,
			);
			path = credctl;
			sourceTree = "<group>";
		};
		AA000012000000000000001 /* Products */ = {
			isa = PBXGroup;
			children = (
				AA000003000000000000001 /* credctl.app */,
			);
			name = Products;
			sourceTree = "<group>";
		};
/* End PBXGroup section */

/* Begin PBXNativeTarget section */
		AA000020000000000000001 /* credctl */ = {
			isa = PBXNativeTarget;
			buildConfigurationList = AA000040000000000000001 /* Build configuration list for PBXNativeTarget "credctl" */;
			buildPhases = (
				AA000030000000000000001 /* Sources */,
				AA000031000000000000001 /* Replace with Go binary */,
			);
			buildRules = (
			);
			dependencies = (
			);
			name = credctl;
			productName = credctl;
			productReference = AA000003000000000000001 /* credctl.app */;
			productType = "com.apple.product-type.application";
		};
/* End PBXNativeTarget section */

/* Begin PBXProject section */
		AA000050000000000000001 /* Project object */ = {
			isa = PBXProject;
			attributes = {
				BuildIndependentTargetsInParallel = 1;
				LastSwiftUpdateCheck = 1540;
				LastUpgradeCheck = 1540;
			};
			buildConfigurationList = AA000060000000000000001 /* Build configuration list for PBXProject "credctl" */;
			compatibilityVersion = "Xcode 14.0";
			developmentRegion = en;
			hasScannedForEncodings = 0;
			knownRegions = (
				en,
			);
			mainGroup = AA000010000000000000001;
			productRefGroup = AA000012000000000000001 /* Products */;
			projectDirPath = "";
			projectRoot = "";
			targets = (
				AA000020000000000000001 /* credctl */,
			);
		};
/* End PBXProject section */

/* Begin PBXShellScriptBuildPhase section */
		AA000031000000000000001 /* Replace with Go binary */ = {
			isa = PBXShellScriptBuildPhase;
			buildActionMask = 2147483647;
			files = (
			);
			inputPaths = (
			);
			name = "Replace with Go binary";
			outputPaths = (
			);
			runOnlyForDeploymentPostprocessing = 0;
			shellPath = /bin/bash;
			shellScript = "export PATH=\"/usr/local/go/bin:$PATH\"\ncd \"${SRCROOT}/..\"\nCGO_ENABLED=1 go build -o \"${BUILT_PRODUCTS_DIR}/${EXECUTABLE_PATH}\" ./cmd/credctl\n";
		};
/* End PBXShellScriptBuildPhase section */

/* Begin PBXSourcesBuildPhase section */
		AA000030000000000000001 /* Sources */ = {
			isa = PBXSourcesBuildPhase;
			buildActionMask = 2147483647;
			files = (
				AA000001000000000000001 /* main.swift in Sources */,
			);
			runOnlyForDeploymentPostprocessing = 0;
		};
/* End PBXSourcesBuildPhase section */

/* Begin XCBuildConfiguration section */
		AA000041000000000000001 /* Debug */ = {
			isa = XCBuildConfiguration;
			buildSettings = {
				CODE_SIGN_ENTITLEMENTS = ../entitlements.plist;
				CODE_SIGN_IDENTITY = "Apple Development";
				CODE_SIGN_STYLE = Automatic;
				CURRENT_PROJECT_VERSION = 1;
				DEVELOPMENT_TEAM = JWR3NGC3Z6;
				ENABLE_HARDENED_RUNTIME = NO;
				GENERATE_INFOPLIST_FILE = NO;
				INFOPLIST_FILE = credctl/Info.plist;
				MACOSX_DEPLOYMENT_TARGET = 14.0;
				MARKETING_VERSION = 0.1.0;
				PRODUCT_BUNDLE_IDENTIFIER = com.crzy.credctl;
				PRODUCT_NAME = "$(TARGET_NAME)";
				SDKROOT = macosx;
				SWIFT_VERSION = 5.0;
			};
			name = Debug;
		};
		AA000042000000000000001 /* Release */ = {
			isa = XCBuildConfiguration;
			buildSettings = {
				CODE_SIGN_ENTITLEMENTS = ../entitlements.plist;
				CODE_SIGN_IDENTITY = "Apple Development";
				CODE_SIGN_STYLE = Automatic;
				CURRENT_PROJECT_VERSION = 1;
				DEVELOPMENT_TEAM = JWR3NGC3Z6;
				ENABLE_HARDENED_RUNTIME = NO;
				GENERATE_INFOPLIST_FILE = NO;
				INFOPLIST_FILE = credctl/Info.plist;
				MACOSX_DEPLOYMENT_TARGET = 14.0;
				MARKETING_VERSION = 0.1.0;
				PRODUCT_BUNDLE_IDENTIFIER = com.crzy.credctl;
				PRODUCT_NAME = "$(TARGET_NAME)";
				SDKROOT = macosx;
				SWIFT_VERSION = 5.0;
			};
			name = Release;
		};
		AA000061000000000000001 /* Debug */ = {
			isa = XCBuildConfiguration;
			buildSettings = {
				ALWAYS_SEARCH_USER_PATHS = NO;
				CLANG_ENABLE_MODULES = YES;
				MACOSX_DEPLOYMENT_TARGET = 14.0;
				SDKROOT = macosx;
			};
			name = Debug;
		};
		AA000062000000000000001 /* Release */ = {
			isa = XCBuildConfiguration;
			buildSettings = {
				ALWAYS_SEARCH_USER_PATHS = NO;
				CLANG_ENABLE_MODULES = YES;
				MACOSX_DEPLOYMENT_TARGET = 14.0;
				SDKROOT = macosx;
			};
			name = Release;
		};
/* End XCBuildConfiguration section */

/* Begin XCConfigurationList section */
		AA000040000000000000001 /* Build configuration list for PBXNativeTarget "credctl" */ = {
			isa = XCConfigurationList;
			buildConfigurations = (
				AA000041000000000000001 /* Debug */,
				AA000042000000000000001 /* Release */,
			);
			defaultConfigurationIsVisible = 0;
			defaultConfigurationName = Release;
		};
		AA000060000000000000001 /* Build configuration list for PBXProject "credctl" */ = {
			isa = XCConfigurationList;
			buildConfigurations = (
				AA000061000000000000001 /* Debug */,
				AA000062000000000000001 /* Release */,
			);
			defaultConfigurationIsVisible = 0;
			defaultConfigurationName = Release;
		};
/* End XCConfigurationList section */
	};
	rootObject = AA000050000000000000001 /* Project object */;
}
